# This file is automatically @generated by Cargo.
# It is not intended for manual editing.
version = 4

[[package]]
name = "canonical-core"
version = "0.1.0"

[[package]]
name = "canonical-runtime"
version = "0.1.0"
dependencies = [
 "canonical-core",
]

[[package]]
name = "edge-cli"
version = "0.1.0"
dependencies = [
 "canonical-core",
 "canonical-runtime",
]
